
Microsoft Visual Studio Solution File, Format Version 12.00
# Visual Studio Version 17
VisualStudioVersion = 17.9.34723.18
MinimumVisualStudioVersion = 10.0.40219.1
Project("{FAE04EC0-301F-11D3-BF4B-00C04F79EFBC}") = "Indexer_delegate_assignments", "Indexer_delegate_assignments.csproj", "{4FF771AC-3EE3-4CA6-98B9-A34A09EA2759}"
EndProject
Global
	GlobalSection(SolutionConfigurationPlatforms) = preSolution
		Debug|Any CPU = Debug|Any CPU
		Release|Any CPU = Release|Any CPU
	EndGlobalSection
	GlobalSection(ProjectConfigurationPlatforms) = postSolution
		{4FF771AC-3EE3-4CA6-98B9-A34A09EA2759}.Debug|Any CPU.ActiveCfg = Debug|Any CPU
		{4FF771AC-3EE3-4CA6-98B9-A34A09EA2759}.Debug|Any CPU.Build.0 = Debug|Any CPU
		{4FF771AC-3EE3-4CA6-98B9-A34A09EA2759}.Release|Any CPU.ActiveCfg = Release|Any CPU
		{4FF771AC-3EE3-4CA6-98B9-A34A09EA2759}.Release|Any CPU.Build.0 = Release|Any CPU
	EndGlobalSection
	GlobalSection(SolutionProperties) = preSolution
		HideSolutionNode = FALSE
	EndGlobalSection
	GlobalSection(ExtensibilityGlobals) = postSolution
		SolutionGuid = {C2A90BD3-1E04-46B1-9C6C-67CF97DF9F99}
	EndGlobalSection
EndGlobal
